
Microsoft Visual Studio Solution File, Format Version 12.00
# Visual Studio 15
VisualStudioVersion = 15.0.28307.168
MinimumVisualStudioVersion = 10.0.40219.1
Project("{8BC9CEB8-8B4A-11D0-8D11-00A0C91BC942}") = "phone_number", "phone_number\phone_number.vcxproj", "{F78D6A21-26BF-4A87-8FB3-429F0905448D}"
EndProject
Project("{8BC9CEB8-8B4A-11D0-8D11-00A0C91BC942}") = "Adder", "Adder\Adder.vcxproj", "{9897FF89-0143-4061-B3F5-35C45FB214E1}"
EndProject
Global
	GlobalSection(SolutionConfigurationPlatforms) = preSolution
		Debug|x64 = Debug|x64
		Debug|x86 = Debug|x86
		Release|x64 = Release|x64
		Release|x86 = Release|x86
	EndGlobalSection
	GlobalSection(ProjectConfigurationPlatforms) = postSolution
		{F78D6A21-26BF-4A87-8FB3-429F0905448D}.Debug|x64.ActiveCfg = Debug|x64
		{F78D6A21-26BF-4A87-8FB3-429F0905448D}.Debug|x64.Build.0 = Debug|x64
		{F78D6A21-26BF-4A87-8FB3-429F0905448D}.Debug|x86.ActiveCfg = Debug|Win32
		{F78D6A21-26BF-4A87-8FB3-429F0905448D}.Debug|x86.Build.0 = Debug|Win32
		{F78D6A21-26BF-4A87-8FB3-429F0905448D}.Release|x64.ActiveCfg = Release|x64
		{F78D6A21-26BF-4A87-8FB3-429F0905448D}.Release|x64.Build.0 = Release|x64
		{F78D6A21-26BF-4A87-8FB3-429F0905448D}.Release|x86.ActiveCfg = Release|Win32
		{F78D6A21-26BF-4A87-8FB3-429F0905448D}.Release|x86.Build.0 = Release|Win32
		{9897FF89-0143-4061-B3F5-35C45FB214E1}.Debug|x64.ActiveCfg = Debug|x64
		{9897FF89-0143-4061-B3F5-35C45FB214E1}.Debug|x64.Build.0 = Debug|x64
		{9897FF89-0143-4061-B3F5-35C45FB214E1}.Debug|x86.ActiveCfg = Debug|Win32
		{9897FF89-0143-4061-B3F5-35C45FB214E1}.Debug|x86.Build.0 = Debug|Win32
		{9897FF89-0143-4061-B3F5-35C45FB214E1}.Release|x64.ActiveCfg = Release|x64
		{9897FF89-0143-4061-B3F5-35C45FB214E1}.Release|x64.Build.0 = Release|x64
		{9897FF89-0143-4061-B3F5-35C45FB214E1}.Release|x86.ActiveCfg = Release|Win32
		{9897FF89-0143-4061-B3F5-35C45FB214E1}.Release|x86.Build.0 = Release|Win32
	EndGlobalSection
	GlobalSection(SolutionProperties) = preSolution
		HideSolutionNode = FALSE
	EndGlobalSection
	GlobalSection(ExtensibilityGlobals) = postSolution
		SolutionGuid = {06697B81-F5C3-475C-A10F-198C29B5EB49}
	EndGlobalSection
EndGlobal
