
Microsoft Visual Studio Solution File, Format Version 12.00
# Visual Studio 15
VisualStudioVersion = 15.0.28307.168
MinimumVisualStudioVersion = 10.0.40219.1
Project("{8BC9CEB8-8B4A-11D0-8D11-00A0C91BC942}") = "phone_number", "phone_number\phone_number.vcxproj", "{F78D6A21-26BF-4A87-8FB3-429F0905448D}"
EndProject
Project("{8BC9CEB8-8B4A-11D0-8D11-00A0C91BC942}") = "Adder", "Adder\Adder.vcxproj", "{9897FF89-0143-4061-B3F5-35C45FB214E1}"
EndProject
Project("{8BC9CEB8-8B4A-11D0-8D11-00A0C91BC942}") = "reverse_number", "reverse_number\reverse_number.vcxproj", "{149AA518-4130-4F41-BFD1-5ADA80C7BAD8}"
EndProject
Project("{8BC9CEB8-8B4A-11D0-8D11-00A0C91BC942}") = "string", "string\string.vcxproj", "{58F59B1C-9E73-4B95-8117-AB99C028B050}"
EndProject
Project("{8BC9CEB8-8B4A-11D0-8D11-00A0C91BC942}") = "divider", "divider\divider.vcxproj", "{F1AA306B-FA67-44F6-8338-9E044320CF82}"
EndProject
Project("{8BC9CEB8-8B4A-11D0-8D11-00A0C91BC942}") = "middle_word", "middle_word\middle_word.vcxproj", "{38C3FFC9-9BA1-416C-B151-8C0F9FFD3F08}"
EndProject
Project("{8BC9CEB8-8B4A-11D0-8D11-00A0C91BC942}") = "collaz", "collaz\collaz.vcxproj", "{89B69DDA-3D8A-4344-81E2-364A234A5743}"
EndProject
Project("{8BC9CEB8-8B4A-11D0-8D11-00A0C91BC942}") = "Fibonacci", "Fibonacci\Fibonacci.vcxproj", "{C50372BF-CF7C-48D9-8188-EB2589610E73}"
EndProject
Project("{8BC9CEB8-8B4A-11D0-8D11-00A0C91BC942}") = "Num", "Num\Num.vcxproj", "{92083045-E3BC-4B3A-8B21-CAE622D6054F}"
EndProject
Global
	GlobalSection(SolutionConfigurationPlatforms) = preSolution
		Debug|x64 = Debug|x64
		Debug|x86 = Debug|x86
		Release|x64 = Release|x64
		Release|x86 = Release|x86
	EndGlobalSection
	GlobalSection(ProjectConfigurationPlatforms) = postSolution
		{F78D6A21-26BF-4A87-8FB3-429F0905448D}.Debug|x64.ActiveCfg = Debug|x64
		{F78D6A21-26BF-4A87-8FB3-429F0905448D}.Debug|x64.Build.0 = Debug|x64
		{F78D6A21-26BF-4A87-8FB3-429F0905448D}.Debug|x86.ActiveCfg = Debug|Win32
		{F78D6A21-26BF-4A87-8FB3-429F0905448D}.Debug|x86.Build.0 = Debug|Win32
		{F78D6A21-26BF-4A87-8FB3-429F0905448D}.Release|x64.ActiveCfg = Release|x64
		{F78D6A21-26BF-4A87-8FB3-429F0905448D}.Release|x64.Build.0 = Release|x64
		{F78D6A21-26BF-4A87-8FB3-429F0905448D}.Release|x86.ActiveCfg = Release|Win32
		{F78D6A21-26BF-4A87-8FB3-429F0905448D}.Release|x86.Build.0 = Release|Win32
		{9897FF89-0143-4061-B3F5-35C45FB214E1}.Debug|x64.ActiveCfg = Debug|x64
		{9897FF89-0143-4061-B3F5-35C45FB214E1}.Debug|x64.Build.0 = Debug|x64
		{9897FF89-0143-4061-B3F5-35C45FB214E1}.Debug|x86.ActiveCfg = Debug|Win32
		{9897FF89-0143-4061-B3F5-35C45FB214E1}.Debug|x86.Build.0 = Debug|Win32
		{9897FF89-0143-4061-B3F5-35C45FB214E1}.Release|x64.ActiveCfg = Release|x64
		{9897FF89-0143-4061-B3F5-35C45FB214E1}.Release|x64.Build.0 = Release|x64
		{9897FF89-0143-4061-B3F5-35C45FB214E1}.Release|x86.ActiveCfg = Release|Win32
		{9897FF89-0143-4061-B3F5-35C45FB214E1}.Release|x86.Build.0 = Release|Win32
		{149AA518-4130-4F41-BFD1-5ADA80C7BAD8}.Debug|x64.ActiveCfg = Debug|x64
		{149AA518-4130-4F41-BFD1-5ADA80C7BAD8}.Debug|x64.Build.0 = Debug|x64
		{149AA518-4130-4F41-BFD1-5ADA80C7BAD8}.Debug|x86.ActiveCfg = Debug|Win32
		{149AA518-4130-4F41-BFD1-5ADA80C7BAD8}.Debug|x86.Build.0 = Debug|Win32
		{149AA518-4130-4F41-BFD1-5ADA80C7BAD8}.Release|x64.ActiveCfg = Release|x64
		{149AA518-4130-4F41-BFD1-5ADA80C7BAD8}.Release|x64.Build.0 = Release|x64
		{149AA518-4130-4F41-BFD1-5ADA80C7BAD8}.Release|x86.ActiveCfg = Release|Win32
		{149AA518-4130-4F41-BFD1-5ADA80C7BAD8}.Release|x86.Build.0 = Release|Win32
		{58F59B1C-9E73-4B95-8117-AB99C028B050}.Debug|x64.ActiveCfg = Debug|x64
		{58F59B1C-9E73-4B95-8117-AB99C028B050}.Debug|x64.Build.0 = Debug|x64
		{58F59B1C-9E73-4B95-8117-AB99C028B050}.Debug|x86.ActiveCfg = Debug|Win32
		{58F59B1C-9E73-4B95-8117-AB99C028B050}.Debug|x86.Build.0 = Debug|Win32
		{58F59B1C-9E73-4B95-8117-AB99C028B050}.Release|x64.ActiveCfg = Release|x64
		{58F59B1C-9E73-4B95-8117-AB99C028B050}.Release|x64.Build.0 = Release|x64
		{58F59B1C-9E73-4B95-8117-AB99C028B050}.Release|x86.ActiveCfg = Release|Win32
		{58F59B1C-9E73-4B95-8117-AB99C028B050}.Release|x86.Build.0 = Release|Win32
		{F1AA306B-FA67-44F6-8338-9E044320CF82}.Debug|x64.ActiveCfg = Debug|x64
		{F1AA306B-FA67-44F6-8338-9E044320CF82}.Debug|x64.Build.0 = Debug|x64
		{F1AA306B-FA67-44F6-8338-9E044320CF82}.Debug|x86.ActiveCfg = Debug|Win32
		{F1AA306B-FA67-44F6-8338-9E044320CF82}.Debug|x86.Build.0 = Debug|Win32
		{F1AA306B-FA67-44F6-8338-9E044320CF82}.Release|x64.ActiveCfg = Release|x64
		{F1AA306B-FA67-44F6-8338-9E044320CF82}.Release|x64.Build.0 = Release|x64
		{F1AA306B-FA67-44F6-8338-9E044320CF82}.Release|x86.ActiveCfg = Release|Win32
		{F1AA306B-FA67-44F6-8338-9E044320CF82}.Release|x86.Build.0 = Release|Win32
		{38C3FFC9-9BA1-416C-B151-8C0F9FFD3F08}.Debug|x64.ActiveCfg = Debug|x64
		{38C3FFC9-9BA1-416C-B151-8C0F9FFD3F08}.Debug|x64.Build.0 = Debug|x64
		{38C3FFC9-9BA1-416C-B151-8C0F9FFD3F08}.Debug|x86.ActiveCfg = Debug|Win32
		{38C3FFC9-9BA1-416C-B151-8C0F9FFD3F08}.Debug|x86.Build.0 = Debug|Win32
		{38C3FFC9-9BA1-416C-B151-8C0F9FFD3F08}.Release|x64.ActiveCfg = Release|x64
		{38C3FFC9-9BA1-416C-B151-8C0F9FFD3F08}.Release|x64.Build.0 = Release|x64
		{38C3FFC9-9BA1-416C-B151-8C0F9FFD3F08}.Release|x86.ActiveCfg = Release|Win32
		{38C3FFC9-9BA1-416C-B151-8C0F9FFD3F08}.Release|x86.Build.0 = Release|Win32
		{89B69DDA-3D8A-4344-81E2-364A234A5743}.Debug|x64.ActiveCfg = Debug|x64
		{89B69DDA-3D8A-4344-81E2-364A234A5743}.Debug|x64.Build.0 = Debug|x64
		{89B69DDA-3D8A-4344-81E2-364A234A5743}.Debug|x86.ActiveCfg = Debug|Win32
		{89B69DDA-3D8A-4344-81E2-364A234A5743}.Debug|x86.Build.0 = Debug|Win32
		{89B69DDA-3D8A-4344-81E2-364A234A5743}.Release|x64.ActiveCfg = Release|x64
		{89B69DDA-3D8A-4344-81E2-364A234A5743}.Release|x64.Build.0 = Release|x64
		{89B69DDA-3D8A-4344-81E2-364A234A5743}.Release|x86.ActiveCfg = Release|Win32
		{89B69DDA-3D8A-4344-81E2-364A234A5743}.Release|x86.Build.0 = Release|Win32
		{C50372BF-CF7C-48D9-8188-EB2589610E73}.Debug|x64.ActiveCfg = Debug|x64
		{C50372BF-CF7C-48D9-8188-EB2589610E73}.Debug|x64.Build.0 = Debug|x64
		{C50372BF-CF7C-48D9-8188-EB2589610E73}.Debug|x86.ActiveCfg = Debug|Win32
		{C50372BF-CF7C-48D9-8188-EB2589610E73}.Debug|x86.Build.0 = Debug|Win32
		{C50372BF-CF7C-48D9-8188-EB2589610E73}.Release|x64.ActiveCfg = Release|x64
		{C50372BF-CF7C-48D9-8188-EB2589610E73}.Release|x64.Build.0 = Release|x64
		{C50372BF-CF7C-48D9-8188-EB2589610E73}.Release|x86.ActiveCfg = Release|Win32
		{C50372BF-CF7C-48D9-8188-EB2589610E73}.Release|x86.Build.0 = Release|Win32
		{92083045-E3BC-4B3A-8B21-CAE622D6054F}.Debug|x64.ActiveCfg = Debug|x64
		{92083045-E3BC-4B3A-8B21-CAE622D6054F}.Debug|x64.Build.0 = Debug|x64
		{92083045-E3BC-4B3A-8B21-CAE622D6054F}.Debug|x86.ActiveCfg = Debug|Win32
		{92083045-E3BC-4B3A-8B21-CAE622D6054F}.Debug|x86.Build.0 = Debug|Win32
		{92083045-E3BC-4B3A-8B21-CAE622D6054F}.Release|x64.ActiveCfg = Release|x64
		{92083045-E3BC-4B3A-8B21-CAE622D6054F}.Release|x64.Build.0 = Release|x64
		{92083045-E3BC-4B3A-8B21-CAE622D6054F}.Release|x86.ActiveCfg = Release|Win32
		{92083045-E3BC-4B3A-8B21-CAE622D6054F}.Release|x86.Build.0 = Release|Win32
	EndGlobalSection
	GlobalSection(SolutionProperties) = preSolution
		HideSolutionNode = FALSE
	EndGlobalSection
	GlobalSection(ExtensibilityGlobals) = postSolution
		SolutionGuid = {06697B81-F5C3-475C-A10F-198C29B5EB49}
	EndGlobalSection
EndGlobal
